// !$*UTF8*$!
{
	archiveVersion = 1;
	classes = {
	};
	objectVersion = 50;
	objects = {

/* Begin PBXBuildFile section */
		AFB8DE6D22985FA000AA7442 /* AppDelegate.swift in Sources */ = {isa = PBXBuildFile; fileRef = AFB8DE6C22985FA000AA7442 /* AppDelegate.swift */; };
		AFB8DE6F22985FA000AA7442 /* FirstViewController.swift in Sources */ = {isa = PBXBuildFile; fileRef = AFB8DE6E22985FA000AA7442 /* FirstViewController.swift */; };
		AFB8DE7122985FA000AA7442 /* SecondViewController.swift in Sources */ = {isa = PBXBuildFile; fileRef = AFB8DE7022985FA000AA7442 /* SecondViewController.swift */; };
		AFB8DE7422985FA000AA7442 /* Main.storyboard in Resources */ = {isa = PBXBuildFile; fileRef = AFB8DE7222985FA000AA7442 /* Main.storyboard */; };
		AFB8DE7622985FA100AA7442 /* Assets.xcassets in Resources */ = {isa = PBXBuildFile; fileRef = AFB8DE7522985FA100AA7442 /* Assets.xcassets */; };
		AFB8DE7922985FA100AA7442 /* LaunchScreen.storyboard in Resources */ = {isa = PBXBuildFile; fileRef = AFB8DE7722985FA100AA7442 /* LaunchScreen.storyboard */; };
/* End PBXBuildFile section */

/* Begin PBXFileReference section */
		AFB8DE6922985FA000AA7442 /* BUGEXAMPLE.app */ = {isa = PBXFileReference; explicitFileType = wrapper.application; includeInIndex = 0; path = BUGEXAMPLE.app; sourceTree = BUILT_PRODUCTS_DIR; };
		AFB8DE6C22985FA000AA7442 /* AppDelegate.swift */ = {isa = PBXFileReference; lastKnownFileType = sourcecode.swift; path = AppDelegate.swift; sourceTree = "<group>"; };
		AFB8DE6E22985FA000AA7442 /* FirstViewController.swift */ = {isa = PBXFileReference; lastKnownFileType = sourcecode.swift; path = FirstViewController.swift; sourceTree = "<group>"; };
		AFB8DE7022985FA000AA7442 /* SecondViewController.swift */ = {isa = PBXFileReference; lastKnownFileType = sourcecode.swift; path = SecondViewController.swift; sourceTree = "<group>"; };
		AFB8DE7322985FA000AA7442 /* Base */ = {isa = PBXFileReference; lastKnownFileType = file.storyboard; name = Base; path = Base.lproj/Main.storyboard; sourceTree = "<group>"; };
		AFB8DE7522985FA100AA7442 /* Assets.xcassets */ = {isa = PBXFileReference; lastKnownFileType = folder.assetcatalog; path = Assets.xcassets; sourceTree = "<group>"; };
		AFB8DE7822985FA100AA7442 /* Base */ = {isa = PBXFileReference; lastKnownFileType = file.storyboard; name = Base; path = Base.lproj/LaunchScreen.storyboard; sourceTree = "<group>"; };
		AFB8DE7A22985FA100AA7442 /* Info.plist */ = {isa = PBXFileReference; lastKnownFileType = text.plist.xml; path = Info.plist; sourceTree = "<group>"; };
/* End PBXFileReference section */

/* Begin PBXFrameworksBuildPhase section */
		AFB8DE6622985FA000AA7442 /* Frameworks */ = {
			isa = PBXFrameworksBuildPhase;
			buildActionMask = 2147483647;
			files = (
			);
			runOnlyForDeploymentPostprocessing = 0;
		};
/* End PBXFrameworksBuildPhase section */

/* Begin PBXGroup section */
		AFB8DE6022985FA000AA7442 = {
			isa = PBXGroup;
			children = (
				AFB8DE6B22985FA000AA7442 /* BUGEXAMPLE */,
				AFB8DE6A22985FA000AA7442 /* Products */,
			);
			sourceTree = "<group>";
		};
		AFB8DE6A22985FA000AA7442 /* Products */ = {
			isa = PBXGroup;
			children = (
				AFB8DE6922985FA000AA7442 /* BUGEXAMPLE.app */,
			);
			name = Products;
			sourceTree = "<group>";
		};
		AFB8DE6B22985FA000AA7442 /* BUGEXAMPLE */ = {
			isa = PBXGroup;
			children = (
				AFB8DE6C22985FA000AA7442 /* AppDelegate.swift */,
				AFB8DE6E22985FA000AA7442 /* FirstViewController.swift */,
				AFB8DE7022985FA000AA7442 /* SecondViewController.swift */,
				AFB8DE7222985FA000AA7442 /* Main.storyboard */,
				AFB8DE7522985FA100AA7442 /* Assets.xcassets */,
				AFB8DE7722985FA100AA7442 /* LaunchScreen.storyboard */,
				AFB8DE7A22985FA100AA7442 /* Info.plist */,
			);
			path = BUGEXAMPLE;
			sourceTree = "<group>";
		};
/* End PBXGroup section */

/* Begin PBXNativeTarget section */
		AFB8DE6822985FA000AA7442 /* BUGEXAMPLE */ = {
			isa = PBXNativeTarget;
			buildConfigurationList = AFB8DE7D22985FA100AA7442 /* Build configuration list for PBXNativeTarget "BUGEXAMPLE" */;
			buildPhases = (
				AFB8DE6522985FA000AA7442 /* Sources */,
				AFB8DE6622985FA000AA7442 /* Frameworks */,
				AFB8DE6722985FA000AA7442 /* Resources */,
			);
			buildRules = (
			);
			dependencies = (
			);
			name = BUGEXAMPLE;
			productName = BUGEXAMPLE;
			productReference = AFB8DE6922985FA000AA7442 /* BUGEXAMPLE.app */;
			productType = "com.apple.product-type.application";
		};
/* End PBXNativeTarget section */

/* Begin PBXProject section */
		AFB8DE6122985FA000AA7442 /* Project object */ = {
			isa = PBXProject;
			attributes = {
				LastSwiftUpdateCheck = 1020;
				LastUpgradeCheck = 1020;
				ORGANIZATIONNAME = "Daniel Kloeck";
				TargetAttributes = {
					AFB8DE6822985FA000AA7442 = {
						CreatedOnToolsVersion = 10.2.1;
					};
				};
			};
			buildConfigurationList = AFB8DE6422985FA000AA7442 /* Build configuration list for PBXProject "BUGEXAMPLE" */;
			compatibilityVersion = "Xcode 9.3";
			developmentRegion = en;
			hasScannedForEncodings = 0;
			knownRegions = (
				en,
				Base,
			);
			mainGroup = AFB8DE6022985FA000AA7442;
			productRefGroup = AFB8DE6A22985FA000AA7442 /* Products */;
			projectDirPath = "";
			projectRoot = "";
			targets = (
				AFB8DE6822985FA000AA7442 /* BUGEXAMPLE */,
			);
		};
/* End PBXProject section */

/* Begin PBXResourcesBuildPhase section */
		AFB8DE6722985FA000AA7442 /* Resources */ = {
			isa = PBXResourcesBuildPhase;
			buildActionMask = 2147483647;
			files = (
				AFB8DE7922985FA100AA7442 /* LaunchScreen.storyboard in Resources */,
				AFB8DE7622985FA100AA7442 /* Assets.xcassets in Resources */,
				AFB8DE7422985FA000AA7442 /* Main.storyboard in Resources */,
			);
			runOnlyForDeploymentPostprocessing = 0;
		};
/* End PBXResourcesBuildPhase section */

/* Begin PBXSourcesBuildPhase section */
		AFB8DE6522985FA000AA7442 /* Sources */ = {
			isa = PBXSourcesBuildPhase;
			buildActionMask = 2147483647;
			files = (
				AFB8DE7122985FA000AA7442 /* SecondViewController.swift in Sources */,
				AFB8DE6D22985FA000AA7442 /* AppDelegate.swift in Sources */,
				AFB8DE6F22985FA000AA7442 /* FirstViewController.swift in Sources */,
			);
			runOnlyForDeploymentPostprocessing = 0;
		};
/* End PBXSourcesBuildPhase section */

/* Begin PBXVariantGroup section */
		AFB8DE7222985FA000AA7442 /* Main.storyboard */ = {
			isa = PBXVariantGroup;
			children = (
				AFB8DE7322985FA000AA7442 /* Base */,
			);
			name = Main.storyboard;
			sourceTree = "<group>";
		};
		AFB8DE7722985FA100AA7442 /* LaunchScreen.storyboard */ = {
			isa = PBXVariantGroup;
			children = (
				AFB8DE7822985FA100AA7442 /* Base */,
			);
			name = LaunchScreen.storyboard;
			sourceTree = "<group>";
		};
/* End PBXVariantGroup section */

/* Begin XCBuildConfiguration section */
		AFB8DE7B22985FA100AA7442 /* Debug */ = {
			isa = XCBuildConfiguration;
			buildSettings = {
				ALWAYS_SEARCH_USER_PATHS = NO;
				CLANG_ANALYZER_NONNULL = YES;
				CLANG_ANALYZER_NUMBER_OBJECT_CONVERSION = YES_AGGRESSIVE;
				CLANG_CXX_LANGUAGE_STANDARD = "gnu++14";
				CLANG_CXX_LIBRARY = "libc++";
				CLANG_ENABLE_MODULES = YES;
				CLANG_ENABLE_OBJC_ARC = YES;
				CLANG_ENABLE_OBJC_WEAK = YES;
				CLANG_WARN_BLOCK_CAPTURE_AUTORELEASING = YES;
				CLANG_WARN_BOOL_CONVERSION = YES;
				CLANG_WARN_COMMA = YES;
				CLANG_WARN_CONSTANT_CONVERSION = YES;
				CLANG_WARN_DEPRECATED_OBJC_IMPLEMENTATIONS = YES;
				CLANG_WARN_DIRECT_OBJC_ISA_USAGE = YES_ERROR;
				CLANG_WARN_DOCUMENTATION_COMMENTS = YES;
				CLANG_WARN_EMPTY_BODY = YES;
				CLANG_WARN_ENUM_CONVERSION = YES;
				CLANG_WARN_INFINITE_RECURSION = YES;
				CLANG_WARN_INT_CONVERSION = YES;
				CLANG_WARN_NON_LITERAL_NULL_CONVERSION = YES;
				CLANG_WARN_OBJC_IMPLICIT_RETAIN_SELF = YES;
				CLANG_WARN_OBJC_LITERAL_CONVERSION = YES;
				CLANG_WARN_OBJC_ROOT_CLASS = YES_ERROR;
				CLANG_WARN_RANGE_LOOP_ANALYSIS = YES;
				CLANG_WARN_STRICT_PROTOTYPES = YES;
				CLANG_WARN_SUSPICIOUS_MOVE = YES;
				CLANG_WARN_UNGUARDED_AVAILABILITY = YES_AGGRESSIVE;
				CLANG_WARN_UNREACHABLE_CODE = YES;
				CLANG_WARN__DUPLICATE_METHOD_MATCH = YES;
				CODE_SIGN_IDENTITY = "iPhone Developer";
				COPY_PHASE_STRIP = NO;
				DEBUG_INFORMATION_FORMAT = dwarf;
				ENABLE_STRICT_OBJC_MSGSEND = YES;
				ENABLE_TESTABILITY = YES;
				GCC_C_LANGUAGE_STANDARD = gnu11;
				GCC_DYNAMIC_NO_PIC = NO;
				GCC_NO_COMMON_BLOCKS = YES;
				GCC_OPTIMIZATION_LEVEL = 0;
				GCC_PREPROCESSOR_DEFINITIONS = (
					"DEBUG=1",
					"$(inherited)",
				);
				GCC_WARN_64_TO_32_BIT_CONVERSION = YES;
				GCC_WARN_ABOUT_RETURN_TYPE = YES_ERROR;
				GCC_WARN_UNDECLARED_SELECTOR = YES;
				GCC_WARN_UNINITIALIZED_AUTOS = YES_AGGRESSIVE;
				GCC_WARN_UNUSED_FUNCTION = YES;
				GCC_WARN_UNUSED_VARIABLE = YES;
				IPHONEOS_DEPLOYMENT_TARGET = 12.2;
				MTL_ENABLE_DEBUG_INFO = INCLUDE_SOURCE;
				MTL_FAST_MATH = YES;
				ONLY_ACTIVE_ARCH = YES;
				SDKROOT = iphoneos;
				SWIFT_ACTIVE_COMPILATION_CONDITIONS = DEBUG;
				SWIFT_OPTIMIZATION_LEVEL = "-Onone";
			};
			name = Debug;
		};
		AFB8DE7C22985FA100AA7442 /* Release */ = {
			isa = XCBuildConfiguration;
			buildSettings = {
				ALWAYS_SEARCH_USER_PATHS = NO;
				CLANG_ANALYZER_NONNULL = YES;
				CLANG_ANALYZER_NUMBER_OBJECT_CONVERSION = YES_AGGRESSIVE;
				CLANG_CXX_LANGUAGE_STANDARD = "gnu++14";
				CLANG_CXX_LIBRARY = "libc++";
				CLANG_ENABLE_MODULES = YES;
				CLANG_ENABLE_OBJC_ARC = YES;
				CLANG_ENABLE_OBJC_WEAK = YES;
				CLANG_WARN_BLOCK_CAPTURE_AUTORELEASING = YES;
				CLANG_WARN_BOOL_CONVERSION = YES;
				CLANG_WARN_COMMA = YES;
				CLANG_WARN_CONSTANT_CONVERSION = YES;
				CLANG_WARN_DEPRECATED_OBJC_IMPLEMENTATIONS = YES;
				CLANG_WARN_DIRECT_OBJC_ISA_USAGE = YES_ERROR;
				CLANG_WARN_DOCUMENTATION_COMMENTS = YES;
				CLANG_WARN_EMPTY_BODY = YES;
				CLANG_WARN_ENUM_CONVERSION = YES;
				CLANG_WARN_INFINITE_RECURSION = YES;
				CLANG_WARN_INT_CONVERSION = YES;
				CLANG_WARN_NON_LITERAL_NULL_CONVERSION = YES;
				CLANG_WARN_OBJC_IMPLICIT_RETAIN_SELF = YES;
				CLANG_WARN_OBJC_LITERAL_CONVERSION = YES;
				CLANG_WARN_OBJC_ROOT_CLASS = YES_ERROR;
				CLANG_WARN_RANGE_LOOP_ANALYSIS = YES;
				CLANG_WARN_STRICT_PROTOTYPES = YES;
				CLANG_WARN_SUSPICIOUS_MOVE = YES;
				CLANG_WARN_UNGUARDED_AVAILABILITY = YES_AGGRESSIVE;
				CLANG_WARN_UNREACHABLE_CODE = YES;
				CLANG_WARN__DUPLICATE_METHOD_MATCH = YES;
				CODE_SIGN_IDENTITY = "iPhone Developer";
				COPY_PHASE_STRIP = NO;
				DEBUG_INFORMATION_FORMAT = "dwarf-with-dsym";
				ENABLE_NS_ASSERTIONS = NO;
				ENABLE_STRICT_OBJC_MSGSEND = YES;
				GCC_C_LANGUAGE_STANDARD = gnu11;
				GCC_NO_COMMON_BLOCKS = YES;
				GCC_WARN_64_TO_32_BIT_CONVERSION = YES;
				GCC_WARN_ABOUT_RETURN_TYPE = YES_ERROR;
				GCC_WARN_UNDECLARED_SELECTOR = YES;
				GCC_WARN_UNINITIALIZED_AUTOS = YES_AGGRESSIVE;
				GCC_WARN_UNUSED_FUNCTION = YES;
				GCC_WARN_UNUSED_VARIABLE = YES;
				IPHONEOS_DEPLOYMENT_TARGET = 12.2;
				MTL_ENABLE_DEBUG_INFO = NO;
				MTL_FAST_MATH = YES;
				SDKROOT = iphoneos;
				SWIFT_COMPILATION_MODE = wholemodule;
				SWIFT_OPTIMIZATION_LEVEL = "-O";
				VALIDATE_PRODUCT = YES;
			};
			name = Release;
		};
		AFB8DE7E22985FA100AA7442 /* Debug */ = {
			isa = XCBuildConfiguration;
			buildSettings = {
				ASSETCATALOG_COMPILER_APPICON_NAME = AppIcon;
				CODE_SIGN_STYLE = Automatic;
				INFOPLIST_FILE = BUGEXAMPLE/Info.plist;
				LD_RUNPATH_SEARCH_PATHS = (
					"$(inherited)",
					"@executable_path/Frameworks",
				);
				PRODUCT_BUNDLE_IDENTIFIER = com.bug.example.BUGEXAMPLE;
				PRODUCT_NAME = "$(TARGET_NAME)";
				SWIFT_VERSION = 5.0;
				TARGETED_DEVICE_FAMILY = "1,2";
			};
			name = Debug;
		};
		AFB8DE7F22985FA100AA7442 /* Release */ = {
			isa = XCBuildConfiguration;
			buildSettings = {
				ASSETCATALOG_COMPILER_APPICON_NAME = AppIcon;
				CODE_SIGN_STYLE = Automatic;
				INFOPLIST_FILE = BUGEXAMPLE/Info.plist;
				LD_RUNPATH_SEARCH_PATHS = (
					"$(inherited)",
					"@executable_path/Frameworks",
				);
				PRODUCT_BUNDLE_IDENTIFIER = com.bug.example.BUGEXAMPLE;
				PRODUCT_NAME = "$(TARGET_NAME)";
				SWIFT_VERSION = 5.0;
				TARGETED_DEVICE_FAMILY = "1,2";
			};
			name = Release;
		};
/* End XCBuildConfiguration section */

/* Begin XCConfigurationList section */
		AFB8DE6422985FA000AA7442 /* Build configuration list for PBXProject "BUGEXAMPLE" */ = {
			isa = XCConfigurationList;
			buildConfigurations = (
				AFB8DE7B22985FA100AA7442 /* Debug */,
				AFB8DE7C22985FA100AA7442 /* Release */,
			);
			defaultConfigurationIsVisible = 0;
			defaultConfigurationName = Release;
		};
		AFB8DE7D22985FA100AA7442 /* Build configuration list for PBXNativeTarget "BUGEXAMPLE" */ = {
			isa = XCConfigurationList;
			buildConfigurations = (
				AFB8DE7E22985FA100AA7442 /* Debug */,
				AFB8DE7F22985FA100AA7442 /* Release */,
			);
			defaultConfigurationIsVisible = 0;
			defaultConfigurationName = Release;
		};
/* End XCConfigurationList section */
	};
	rootObject = AFB8DE6122985FA000AA7442 /* Project object */;
}
